hash: dea5bdf0f3492acb4ddd1cbddf5048e8df3092784ae7a8c24d0b86c559d327c2
updated: 2017-02-22T19:55:39.992320605+10:00
imports:
- name: github.com/davecgh/go-spew
  version: 346938d642f2ec3594ed81d874461961cd0faa76
  subpackages:
  - spew
- name: github.com/onsi/ginkgo
  version: bb93381d543b0e5725244abe752214a110791d01
  subpackages:
  - config
  - extensions/table
  - internal/codelocation
  - internal/containernode
  - internal/failer
  - internal/leafnodes
  - internal/remote
  - internal/spec
  - internal/specrunner
  - internal/suite
  - internal/testingtproxy
  - internal/writer
  - reporters
  - reporters/stenographer
  - reporters/stenographer/support/go-colorable
  - reporters/stenographer/support/go-isatty
  - types
- name: github.com/onsi/gomega
  version: c463cd2a8578290d4be7a25cba69de81cf35785e
  subpackages:
  - format
  - internal/assertion
  - internal/asyncassertion
  - internal/oraclematcher
  - internal/testingtsupport
  - matchers
  - matchers/support/goraph/bipartitegraph
  - matchers/support/goraph/edge
  - matchers/support/goraph/node
  - matchers/support/goraph/util
  - types
- name: github.com/streadway/amqp
  version: d75c3a341ff43309ad0cb69ac8bdbd1d8772775f
- name: github.com/ugorji/go
  version: c88ee250d0221a57af388746f5cf03768c21d6e2
  subpackages:
  - codec
testImports:
- name: golang.org/x/sys
  version: 075e574b89e4c2d22f2286a7e2b919519c6f3547
  subpackages:
  - unix
- name: gopkg.in/yaml.v2
  version: a3f3340b5840cee44f372bddb5880fcbc419b46a
