hash: 23bf79b715ca3a7a2108de4884e8cd8c5d18060fb0959ef4045483c8e27b92a7
updated: 2017-04-20T07:51:12.219087897+10:00
imports:
- name: github.com/hashicorp/go-version
  version: 03c5bf6be031b6dd45afec16b1cf94fc8938bc77
- name: github.com/onsi/ginkgo
  version: 6adbc2648389a46e8ff0e96d07a07a9a9eb432de
  subpackages:
  - config
  - extensions/table
  - internal/codelocation
  - internal/containernode
  - internal/failer
  - internal/leafnodes
  - internal/remote
  - internal/spec
  - internal/spec_iterator
  - internal/specrunner
  - internal/suite
  - internal/testingtproxy
  - internal/writer
  - reporters
  - reporters/stenographer
  - reporters/stenographer/support/go-colorable
  - reporters/stenographer/support/go-isatty
  - types
- name: github.com/onsi/gomega
  version: 9b8c753e8dfb382618ba8fa19b4197b5dcb0434c
  subpackages:
  - format
  - internal/assertion
  - internal/asyncassertion
  - internal/oraclematcher
  - internal/testingtsupport
  - matchers
  - matchers/support/goraph/bipartitegraph
  - matchers/support/goraph/edge
  - matchers/support/goraph/node
  - matchers/support/goraph/util
  - types
- name: github.com/streadway/amqp
  version: 15912e66f832ac41d6b0bbc8fb436b16dc1f0f55
  repo: https://github.com/domodwyer/amqp.git
- name: github.com/ugorji/go
  version: 708a42d246822952f38190a8d8c4e6b16a0e600c
  subpackages:
  - codec
testImports:
- name: golang.org/x/sys
  version: d9157a9621b69ad1d8d77a1933590c416593f24f
  subpackages:
  - unix
- name: gopkg.in/yaml.v2
  version: bef53efd0c76e49e6de55ead051f886bea7e9420
